
Microsoft Visual Studio Solution File, Format Version 12.00
# Visual Studio 15
Project("{FAE04EC0-301F-11D3-BF4B-00C04F79EFBC}") = "Assembly-CSharp", "Assembly-CSharp.csproj", "{06F3117A-CA96-393A-D92D-7C26270FE8E4}"
EndProject
Project("{FAE04EC0-301F-11D3-BF4B-00C04F79EFBC}") = "Assembly-CSharp-Editor", "Assembly-CSharp-Editor.csproj", "{473D0407-CAC2-03F5-4365-4D85ED811B01}"
EndProject
Global
	GlobalSection(SolutionConfigurationPlatforms) = preSolution
		Debug|Any CPU = Debug|Any CPU
		Release|Any CPU = Release|Any CPU
	EndGlobalSection
	GlobalSection(ProjectConfigurationPlatforms) = postSolution
		{06F3117A-CA96-393A-D92D-7C26270FE8E4}.Debug|Any CPU.ActiveCfg = Debug|Any CPU
		{06F3117A-CA96-393A-D92D-7C26270FE8E4}.Debug|Any CPU.Build.0 = Debug|Any CPU
		{06F3117A-CA96-393A-D92D-7C26270FE8E4}.Release|Any CPU.ActiveCfg = Release|Any CPU
		{06F3117A-CA96-393A-D92D-7C26270FE8E4}.Release|Any CPU.Build.0 = Release|Any CPU
		{473D0407-CAC2-03F5-4365-4D85ED811B01}.Debug|Any CPU.ActiveCfg = Debug|Any CPU
		{473D0407-CAC2-03F5-4365-4D85ED811B01}.Debug|Any CPU.Build.0 = Debug|Any CPU
		{473D0407-CAC2-03F5-4365-4D85ED811B01}.Release|Any CPU.ActiveCfg = Release|Any CPU
		{473D0407-CAC2-03F5-4365-4D85ED811B01}.Release|Any CPU.Build.0 = Release|Any CPU
	EndGlobalSection
	GlobalSection(SolutionProperties) = preSolution
		HideSolutionNode = FALSE
	EndGlobalSection
EndGlobal
